// !$*UTF8*$!
{
	archiveVersion = 1;
	classes = {
	};
	objectVersion = 56;
	objects = {

/* Begin PBXBuildFile section */
		215797D62B9F9233000B190A /* AddDrugViewController.swift in Sources */ = {isa = PBXBuildFile; fileRef = 215797D52B9F9233000B190A /* AddDrugViewController.swift */; };
		215797D82B9F949E000B190A /* AddDrugViewModel.swift in Sources */ = {isa = PBXBuildFile; fileRef = 215797D72B9F949E000B190A /* AddDrugViewModel.swift */; };
		215797DA2BA044C6000B190A /* TypeCollectionViewCell.swift in Sources */ = {isa = PBXBuildFile; fileRef = 215797D92BA044C6000B190A /* TypeCollectionViewCell.swift */; };
		215797DC2BA0B925000B190A /* PickerAddModel.swift in Sources */ = {isa = PBXBuildFile; fileRef = 215797DB2BA0B925000B190A /* PickerAddModel.swift */; };
		215797DE2BA0BE6E000B190A /* DropDownMenu.swift in Sources */ = {isa = PBXBuildFile; fileRef = 215797DD2BA0BE6E000B190A /* DropDownMenu.swift */; };
		2157985F2BA83DF4000B190A /* SectionModel.swift in Sources */ = {isa = PBXBuildFile; fileRef = 2157985E2BA83DF4000B190A /* SectionModel.swift */; };
		215798612BA85291000B190A /* TimePicker.swift in Sources */ = {isa = PBXBuildFile; fileRef = 215798602BA85291000B190A /* TimePicker.swift */; };
		21BCC6E32BB0973F00506B4A /* CustomNavigationBar.swift in Sources */ = {isa = PBXBuildFile; fileRef = 21BCC6E22BB0973F00506B4A /* CustomNavigationBar.swift */; };
		21BCC6E52BB4A1C700506B4A /* ButtonField.swift in Sources */ = {isa = PBXBuildFile; fileRef = 21BCC6E42BB4A1C700506B4A /* ButtonField.swift */; };
		21BCC6EA2BB4ABA300506B4A /* FoodCollectionViewCell.swift in Sources */ = {isa = PBXBuildFile; fileRef = 21BCC6E92BB4ABA300506B4A /* FoodCollectionViewCell.swift */; };
		21BCC6EC2BB4AC3F00506B4A /* FoodType.swift in Sources */ = {isa = PBXBuildFile; fileRef = 21BCC6EB2BB4AC3F00506B4A /* FoodType.swift */; };
		21BCC6EE2BB4B3D500506B4A /* NotificationMinutesType.swift in Sources */ = {isa = PBXBuildFile; fileRef = 21BCC6ED2BB4B3D500506B4A /* NotificationMinutesType.swift */; };
		21BCC6F22BB73E6100506B4A /* FilterDropDown.swift in Sources */ = {isa = PBXBuildFile; fileRef = 21BCC6F12BB73E6100506B4A /* FilterDropDown.swift */; };
		21BCC7132BB9757C00506B4A /* Nunito-Bold.ttf in Sources */ = {isa = PBXBuildFile; fileRef = 21F438542B9B8C1C004408EF /* Nunito-Bold.ttf */; };
		21F438382B9B897E004408EF /* AppDelegate.swift in Sources */ = {isa = PBXBuildFile; fileRef = 21F438372B9B897E004408EF /* AppDelegate.swift */; };
		21F4383A2B9B897E004408EF /* SceneDelegate.swift in Sources */ = {isa = PBXBuildFile; fileRef = 21F438392B9B897E004408EF /* SceneDelegate.swift */; };
		21F438412B9B8980004408EF /* Assets.xcassets in Resources */ = {isa = PBXBuildFile; fileRef = 21F438402B9B8980004408EF /* Assets.xcassets */; };
		21F438442B9B8980004408EF /* LaunchScreen.storyboard in Resources */ = {isa = PBXBuildFile; fileRef = 21F438422B9B8980004408EF /* LaunchScreen.storyboard */; };
		21F4385D2B9B8C1E004408EF /* Nunito-ExtraLight.ttf in Resources */ = {isa = PBXBuildFile; fileRef = 21F4384D2B9B8C1B004408EF /* Nunito-ExtraLight.ttf */; };
		21F4385E2B9B8C1E004408EF /* Nunito-ExtraBold.ttf in Resources */ = {isa = PBXBuildFile; fileRef = 21F4384E2B9B8C1B004408EF /* Nunito-ExtraBold.ttf */; };
		21F438612B9B8C1E004408EF /* Nunito-Light.ttf in Resources */ = {isa = PBXBuildFile; fileRef = 21F438512B9B8C1B004408EF /* Nunito-Light.ttf */; };
		21F438622B9B8C1E004408EF /* Nunito-Black.ttf in Resources */ = {isa = PBXBuildFile; fileRef = 21F438522B9B8C1C004408EF /* Nunito-Black.ttf */; };
		21F438632B9B8C1E004408EF /* Nunito-Medium.ttf in Resources */ = {isa = PBXBuildFile; fileRef = 21F438532B9B8C1C004408EF /* Nunito-Medium.ttf */; };
		21F438642B9B8C1E004408EF /* Nunito-Bold.ttf in Resources */ = {isa = PBXBuildFile; fileRef = 21F438542B9B8C1C004408EF /* Nunito-Bold.ttf */; };
		21F438652B9B8C1E004408EF /* Nunito-Regular.ttf in Resources */ = {isa = PBXBuildFile; fileRef = 21F438552B9B8C1C004408EF /* Nunito-Regular.ttf */; };
		21F438662B9B8C1E004408EF /* Nunito-SemiBold.ttf in Resources */ = {isa = PBXBuildFile; fileRef = 21F438562B9B8C1C004408EF /* Nunito-SemiBold.ttf */; };
		21F438742B9C21D9004408EF /* CustomListViewModel.swift in Sources */ = {isa = PBXBuildFile; fileRef = 21F438732B9C21D9004408EF /* CustomListViewModel.swift */; };
		21F438762B9C21E3004408EF /* CustomListViewController.swift in Sources */ = {isa = PBXBuildFile; fileRef = 21F438752B9C21E3004408EF /* CustomListViewController.swift */; };
		21F438792B9C4525004408EF /* DataService.swift in Sources */ = {isa = PBXBuildFile; fileRef = 21F438782B9C4525004408EF /* DataService.swift */; };
		21F4387B2B9C468D004408EF /* DrugInfoRealm.swift in Sources */ = {isa = PBXBuildFile; fileRef = 21F4387A2B9C468D004408EF /* DrugInfoRealm.swift */; };
		21F4387D2B9C4843004408EF /* DrugType.swift in Sources */ = {isa = PBXBuildFile; fileRef = 21F4387C2B9C4843004408EF /* DrugType.swift */; };
		21F438822B9C4A94004408EF /* FrequencyType.swift in Sources */ = {isa = PBXBuildFile; fileRef = 21F438812B9C4A94004408EF /* FrequencyType.swift */; };
		21F438842B9C4C1A004408EF /* DrugInfo.swift in Sources */ = {isa = PBXBuildFile; fileRef = 21F438832B9C4C1A004408EF /* DrugInfo.swift */; };
		21F438882B9C4E74004408EF /* DrugInfoRepository.swift in Sources */ = {isa = PBXBuildFile; fileRef = 21F438872B9C4E74004408EF /* DrugInfoRepository.swift */; };
		21F4388B2B9D8323004408EF /* UIKitExtensions.swift in Sources */ = {isa = PBXBuildFile; fileRef = 21F4388A2B9D8323004408EF /* UIKitExtensions.swift */; };
		21F4388F2B9D845D004408EF /* Constants.swift in Sources */ = {isa = PBXBuildFile; fileRef = 21F4388E2B9D845D004408EF /* Constants.swift */; };
		21F438912B9D8481004408EF /* Texts.swift in Sources */ = {isa = PBXBuildFile; fileRef = 21F438902B9D8481004408EF /* Texts.swift */; };
		21F438932B9D867A004408EF /* Fonts.swift in Sources */ = {isa = PBXBuildFile; fileRef = 21F438922B9D867A004408EF /* Fonts.swift */; };
		21F438952B9D9FAE004408EF /* Colors.swift in Sources */ = {isa = PBXBuildFile; fileRef = 21F438942B9D9FAE004408EF /* Colors.swift */; };
		21F438AA2B9DAA46004408EF /* DateCollectionViewCell.swift in Sources */ = {isa = PBXBuildFile; fileRef = 21F438A92B9DAA46004408EF /* DateCollectionViewCell.swift */; };
		21F438AE2B9DC0D8004408EF /* DatesModel.swift in Sources */ = {isa = PBXBuildFile; fileRef = 21F438AD2B9DC0D8004408EF /* DatesModel.swift */; };
		21F438B02B9DDF9D004408EF /* CalendarTableViewCell.swift in Sources */ = {isa = PBXBuildFile; fileRef = 21F438AF2B9DDF9D004408EF /* CalendarTableViewCell.swift */; };
		21F438B22B9E056C004408EF /* Images.swift in Sources */ = {isa = PBXBuildFile; fileRef = 21F438B12B9E056C004408EF /* Images.swift */; };
		21F438B62B9EC25E004408EF /* DrugCompletementRepository.swift in Sources */ = {isa = PBXBuildFile; fileRef = 21F438B52B9EC25E004408EF /* DrugCompletementRepository.swift */; };
		21F438BA2B9EC282004408EF /* DrugCompletementRealm.swift in Sources */ = {isa = PBXBuildFile; fileRef = 21F438B92B9EC282004408EF /* DrugCompletementRealm.swift */; };
		682A9D2577E2031727D7AED8 /* Pods_meditrack.framework in Frameworks */ = {isa = PBXBuildFile; fileRef = 478748B2D0F6E4176CDDC0EE /* Pods_meditrack.framework */; };
/* End PBXBuildFile section */

/* Begin PBXFileReference section */
		215797D52B9F9233000B190A /* AddDrugViewController.swift */ = {isa = PBXFileReference; fileEncoding = 4; lastKnownFileType = sourcecode.swift; path = AddDrugViewController.swift; sourceTree = "<group>"; };
		215797D72B9F949E000B190A /* AddDrugViewModel.swift */ = {isa = PBXFileReference; fileEncoding = 4; lastKnownFileType = sourcecode.swift; path = AddDrugViewModel.swift; sourceTree = "<group>"; };
		215797D92BA044C6000B190A /* TypeCollectionViewCell.swift */ = {isa = PBXFileReference; fileEncoding = 4; lastKnownFileType = sourcecode.swift; path = TypeCollectionViewCell.swift; sourceTree = "<group>"; };
		215797DB2BA0B925000B190A /* PickerAddModel.swift */ = {isa = PBXFileReference; lastKnownFileType = sourcecode.swift; path = PickerAddModel.swift; sourceTree = "<group>"; };
		215797DD2BA0BE6E000B190A /* DropDownMenu.swift */ = {isa = PBXFileReference; lastKnownFileType = sourcecode.swift; path = DropDownMenu.swift; sourceTree = "<group>"; };
		2157985E2BA83DF4000B190A /* SectionModel.swift */ = {isa = PBXFileReference; lastKnownFileType = sourcecode.swift; path = SectionModel.swift; sourceTree = "<group>"; };
		215798602BA85291000B190A /* TimePicker.swift */ = {isa = PBXFileReference; lastKnownFileType = sourcecode.swift; path = TimePicker.swift; sourceTree = "<group>"; };
		21BCC6E22BB0973F00506B4A /* CustomNavigationBar.swift */ = {isa = PBXFileReference; lastKnownFileType = sourcecode.swift; path = CustomNavigationBar.swift; sourceTree = "<group>"; };
		21BCC6E42BB4A1C700506B4A /* ButtonField.swift */ = {isa = PBXFileReference; lastKnownFileType = sourcecode.swift; path = ButtonField.swift; sourceTree = "<group>"; };
		21BCC6E92BB4ABA300506B4A /* FoodCollectionViewCell.swift */ = {isa = PBXFileReference; lastKnownFileType = sourcecode.swift; path = FoodCollectionViewCell.swift; sourceTree = "<group>"; };
		21BCC6EB2BB4AC3F00506B4A /* FoodType.swift */ = {isa = PBXFileReference; lastKnownFileType = sourcecode.swift; path = FoodType.swift; sourceTree = "<group>"; };
		21BCC6ED2BB4B3D500506B4A /* NotificationMinutesType.swift */ = {isa = PBXFileReference; lastKnownFileType = sourcecode.swift; path = NotificationMinutesType.swift; sourceTree = "<group>"; };
		21BCC6F12BB73E6100506B4A /* FilterDropDown.swift */ = {isa = PBXFileReference; lastKnownFileType = sourcecode.swift; path = FilterDropDown.swift; sourceTree = "<group>"; };
		21F438342B9B897E004408EF /* meditrack.app */ = {isa = PBXFileReference; explicitFileType = wrapper.application; includeInIndex = 0; path = meditrack.app; sourceTree = BUILT_PRODUCTS_DIR; };
		21F438372B9B897E004408EF /* AppDelegate.swift */ = {isa = PBXFileReference; lastKnownFileType = sourcecode.swift; path = AppDelegate.swift; sourceTree = "<group>"; };
		21F438392B9B897E004408EF /* SceneDelegate.swift */ = {isa = PBXFileReference; lastKnownFileType = sourcecode.swift; path = SceneDelegate.swift; sourceTree = "<group>"; };
		21F438402B9B8980004408EF /* Assets.xcassets */ = {isa = PBXFileReference; lastKnownFileType = folder.assetcatalog; path = Assets.xcassets; sourceTree = "<group>"; };
		21F438432B9B8980004408EF /* Base */ = {isa = PBXFileReference; lastKnownFileType = file.storyboard; name = Base; path = Base.lproj/LaunchScreen.storyboard; sourceTree = "<group>"; };
		21F438452B9B8980004408EF /* Info.plist */ = {isa = PBXFileReference; lastKnownFileType = text.plist.xml; path = Info.plist; sourceTree = "<group>"; };
		21F4384D2B9B8C1B004408EF /* Nunito-ExtraLight.ttf */ = {isa = PBXFileReference; lastKnownFileType = file; path = "Nunito-ExtraLight.ttf"; sourceTree = "<group>"; };
		21F4384E2B9B8C1B004408EF /* Nunito-ExtraBold.ttf */ = {isa = PBXFileReference; lastKnownFileType = file; path = "Nunito-ExtraBold.ttf"; sourceTree = "<group>"; };
		21F438512B9B8C1B004408EF /* Nunito-Light.ttf */ = {isa = PBXFileReference; lastKnownFileType = file; path = "Nunito-Light.ttf"; sourceTree = "<group>"; };
		21F438522B9B8C1C004408EF /* Nunito-Black.ttf */ = {isa = PBXFileReference; lastKnownFileType = file; path = "Nunito-Black.ttf"; sourceTree = "<group>"; };
		21F438532B9B8C1C004408EF /* Nunito-Medium.ttf */ = {isa = PBXFileReference; lastKnownFileType = file; path = "Nunito-Medium.ttf"; sourceTree = "<group>"; };
		21F438542B9B8C1C004408EF /* Nunito-Bold.ttf */ = {isa = PBXFileReference; lastKnownFileType = file; path = "Nunito-Bold.ttf"; sourceTree = "<group>"; };
		21F438552B9B8C1C004408EF /* Nunito-Regular.ttf */ = {isa = PBXFileReference; lastKnownFileType = file; path = "Nunito-Regular.ttf"; sourceTree = "<group>"; };
		21F438562B9B8C1C004408EF /* Nunito-SemiBold.ttf */ = {isa = PBXFileReference; lastKnownFileType = file; path = "Nunito-SemiBold.ttf"; sourceTree = "<group>"; };
		21F438732B9C21D9004408EF /* CustomListViewModel.swift */ = {isa = PBXFileReference; lastKnownFileType = sourcecode.swift; path = CustomListViewModel.swift; sourceTree = "<group>"; };
		21F438752B9C21E3004408EF /* CustomListViewController.swift */ = {isa = PBXFileReference; lastKnownFileType = sourcecode.swift; path = CustomListViewController.swift; sourceTree = "<group>"; };
		21F438782B9C4525004408EF /* DataService.swift */ = {isa = PBXFileReference; lastKnownFileType = sourcecode.swift; path = DataService.swift; sourceTree = "<group>"; };
		21F4387A2B9C468D004408EF /* DrugInfoRealm.swift */ = {isa = PBXFileReference; lastKnownFileType = sourcecode.swift; path = DrugInfoRealm.swift; sourceTree = "<group>"; };
		21F4387C2B9C4843004408EF /* DrugType.swift */ = {isa = PBXFileReference; lastKnownFileType = sourcecode.swift; path = DrugType.swift; sourceTree = "<group>"; };
		21F438812B9C4A94004408EF /* FrequencyType.swift */ = {isa = PBXFileReference; lastKnownFileType = sourcecode.swift; path = FrequencyType.swift; sourceTree = "<group>"; };
		21F438832B9C4C1A004408EF /* DrugInfo.swift */ = {isa = PBXFileReference; lastKnownFileType = sourcecode.swift; path = DrugInfo.swift; sourceTree = "<group>"; };
		21F438872B9C4E74004408EF /* DrugInfoRepository.swift */ = {isa = PBXFileReference; lastKnownFileType = sourcecode.swift; path = DrugInfoRepository.swift; sourceTree = "<group>"; };
		21F4388A2B9D8323004408EF /* UIKitExtensions.swift */ = {isa = PBXFileReference; lastKnownFileType = sourcecode.swift; path = UIKitExtensions.swift; sourceTree = "<group>"; };
		21F4388E2B9D845D004408EF /* Constants.swift */ = {isa = PBXFileReference; lastKnownFileType = sourcecode.swift; path = Constants.swift; sourceTree = "<group>"; };
		21F438902B9D8481004408EF /* Texts.swift */ = {isa = PBXFileReference; lastKnownFileType = sourcecode.swift; path = Texts.swift; sourceTree = "<group>"; };
		21F438922B9D867A004408EF /* Fonts.swift */ = {isa = PBXFileReference; lastKnownFileType = sourcecode.swift; path = Fonts.swift; sourceTree = "<group>"; };
		21F438942B9D9FAE004408EF /* Colors.swift */ = {isa = PBXFileReference; lastKnownFileType = sourcecode.swift; path = Colors.swift; sourceTree = "<group>"; };
		21F438A92B9DAA46004408EF /* DateCollectionViewCell.swift */ = {isa = PBXFileReference; lastKnownFileType = sourcecode.swift; path = DateCollectionViewCell.swift; sourceTree = "<group>"; };
		21F438AD2B9DC0D8004408EF /* DatesModel.swift */ = {isa = PBXFileReference; lastKnownFileType = sourcecode.swift; path = DatesModel.swift; sourceTree = "<group>"; };
		21F438AF2B9DDF9D004408EF /* CalendarTableViewCell.swift */ = {isa = PBXFileReference; lastKnownFileType = sourcecode.swift; path = CalendarTableViewCell.swift; sourceTree = "<group>"; };
		21F438B12B9E056C004408EF /* Images.swift */ = {isa = PBXFileReference; lastKnownFileType = sourcecode.swift; path = Images.swift; sourceTree = "<group>"; };
		21F438B52B9EC25E004408EF /* DrugCompletementRepository.swift */ = {isa = PBXFileReference; lastKnownFileType = sourcecode.swift; path = DrugCompletementRepository.swift; sourceTree = "<group>"; };
		21F438B92B9EC282004408EF /* DrugCompletementRealm.swift */ = {isa = PBXFileReference; lastKnownFileType = sourcecode.swift; path = DrugCompletementRealm.swift; sourceTree = "<group>"; };
		459A97B984E082BA75EBDFBC /* Pods-meditrack.debug.xcconfig */ = {isa = PBXFileReference; includeInIndex = 1; lastKnownFileType = text.xcconfig; name = "Pods-meditrack.debug.xcconfig"; path = "Target Support Files/Pods-meditrack/Pods-meditrack.debug.xcconfig"; sourceTree = "<group>"; };
		478748B2D0F6E4176CDDC0EE /* Pods_meditrack.framework */ = {isa = PBXFileReference; explicitFileType = wrapper.framework; includeInIndex = 0; path = Pods_meditrack.framework; sourceTree = BUILT_PRODUCTS_DIR; };
		C809FF3CC1D144805FF1C1B5 /* Pods-meditrack.release.xcconfig */ = {isa = PBXFileReference; includeInIndex = 1; lastKnownFileType = text.xcconfig; name = "Pods-meditrack.release.xcconfig"; path = "Target Support Files/Pods-meditrack/Pods-meditrack.release.xcconfig"; sourceTree = "<group>"; };
/* End PBXFileReference section */

/* Begin PBXFrameworksBuildPhase section */
		21F438312B9B897E004408EF /* Frameworks */ = {
			isa = PBXFrameworksBuildPhase;
			buildActionMask = 2147483647;
			files = (
				682A9D2577E2031727D7AED8 /* Pods_meditrack.framework in Frameworks */,
			);
			runOnlyForDeploymentPostprocessing = 0;
		};
/* End PBXFrameworksBuildPhase section */

/* Begin PBXGroup section */
		215797CF2B9F4C83000B190A /* Add Drug */ = {
			isa = PBXGroup;
			children = (
				215797DB2BA0B925000B190A /* PickerAddModel.swift */,
				215797D72B9F949E000B190A /* AddDrugViewModel.swift */,
				215797D52B9F9233000B190A /* AddDrugViewController.swift */,
			);
			path = "Add Drug";
			sourceTree = "<group>";
		};
		21BCC6E62BB4AB7900506B4A /* Cells */ = {
			isa = PBXGroup;
			children = (
				21BCC6E82BB4AB8700506B4A /* Collection */,
				21BCC6E72BB4AB8000506B4A /* Table */,
			);
			path = Cells;
			sourceTree = "<group>";
		};
		21BCC6E72BB4AB8000506B4A /* Table */ = {
			isa = PBXGroup;
			children = (
				21F438AF2B9DDF9D004408EF /* CalendarTableViewCell.swift */,
			);
			path = Table;
			sourceTree = "<group>";
		};
		21BCC6E82BB4AB8700506B4A /* Collection */ = {
			isa = PBXGroup;
			children = (
				21F438A92B9DAA46004408EF /* DateCollectionViewCell.swift */,
				215797D92BA044C6000B190A /* TypeCollectionViewCell.swift */,
				21BCC6E92BB4ABA300506B4A /* FoodCollectionViewCell.swift */,
			);
			path = Collection;
			sourceTree = "<group>";
		};
		21F4382B2B9B897E004408EF = {
			isa = PBXGroup;
			children = (
				21F438362B9B897E004408EF /* meditrack */,
				21F438352B9B897E004408EF /* Products */,
				D5B20F8D61A5DDABDA953027 /* Pods */,
				E858936597F2346F17C895DB /* Frameworks */,
			);
			sourceTree = "<group>";
		};
		21F438352B9B897E004408EF /* Products */ = {
			isa = PBXGroup;
			children = (
				21F438342B9B897E004408EF /* meditrack.app */,
			);
			name = Products;
			sourceTree = "<group>";
		};
		21F438362B9B897E004408EF /* meditrack */ = {
			isa = PBXGroup;
			children = (
				21F4388C2B9D83FA004408EF /* Core */,
				21F438772B9C4501004408EF /* Data */,
				21F4386C2B9C2148004408EF /* System */,
				21F4386D2B9C215E004408EF /* Screens */,
				21F438422B9B8980004408EF /* LaunchScreen.storyboard */,
				21F438452B9B8980004408EF /* Info.plist */,
			);
			path = meditrack;
			sourceTree = "<group>";
		};
		21F4384B2B9B8C04004408EF /* Fonts */ = {
			isa = PBXGroup;
			children = (
				21F438522B9B8C1C004408EF /* Nunito-Black.ttf */,
				21F438542B9B8C1C004408EF /* Nunito-Bold.ttf */,
				21F4384E2B9B8C1B004408EF /* Nunito-ExtraBold.ttf */,
				21F4384D2B9B8C1B004408EF /* Nunito-ExtraLight.ttf */,
				21F438512B9B8C1B004408EF /* Nunito-Light.ttf */,
				21F438532B9B8C1C004408EF /* Nunito-Medium.ttf */,
				21F438552B9B8C1C004408EF /* Nunito-Regular.ttf */,
				21F438562B9B8C1C004408EF /* Nunito-SemiBold.ttf */,
			);
			path = Fonts;
			sourceTree = "<group>";
		};
		21F4386C2B9C2148004408EF /* System */ = {
			isa = PBXGroup;
			children = (
				21F438392B9B897E004408EF /* SceneDelegate.swift */,
				21F4388A2B9D8323004408EF /* UIKitExtensions.swift */,
				21F438372B9B897E004408EF /* AppDelegate.swift */,
				21F438402B9B8980004408EF /* Assets.xcassets */,
			);
			path = System;
			sourceTree = "<group>";
		};
		21F4386D2B9C215E004408EF /* Screens */ = {
			isa = PBXGroup;
			children = (
				21F4386E2B9C2183004408EF /* Tab bar */,
			);
			path = Screens;
			sourceTree = "<group>";
		};
		21F4386E2B9C2183004408EF /* Tab bar */ = {
			isa = PBXGroup;
			children = (
				21F4386F2B9C21AA004408EF /* Custom List Tab */,
			);
			path = "Tab bar";
			sourceTree = "<group>";
		};
		21F4386F2B9C21AA004408EF /* Custom List Tab */ = {
			isa = PBXGroup;
			children = (
				215797CF2B9F4C83000B190A /* Add Drug */,
				21F438702B9C21B7004408EF /* Custom List */,
			);
			path = "Custom List Tab";
			sourceTree = "<group>";
		};
		21F438702B9C21B7004408EF /* Custom List */ = {
			isa = PBXGroup;
			children = (
				21F438AD2B9DC0D8004408EF /* DatesModel.swift */,
				2157985E2BA83DF4000B190A /* SectionModel.swift */,
				21F438732B9C21D9004408EF /* CustomListViewModel.swift */,
				21F438752B9C21E3004408EF /* CustomListViewController.swift */,
			);
			path = "Custom List";
			sourceTree = "<group>";
		};
		21F438772B9C4501004408EF /* Data */ = {
			isa = PBXGroup;
			children = (
				21F438782B9C4525004408EF /* DataService.swift */,
				21F438B42B9EC233004408EF /* DrugCompletement */,
				21F438B32B9EC226004408EF /* DrugInfo */,
				21F438892B9C5051004408EF /* Enums */,
			);
			path = Data;
			sourceTree = "<group>";
		};
		21F438892B9C5051004408EF /* Enums */ = {
			isa = PBXGroup;
			children = (
				21F4387C2B9C4843004408EF /* DrugType.swift */,
				21F438812B9C4A94004408EF /* FrequencyType.swift */,
				21BCC6EB2BB4AC3F00506B4A /* FoodType.swift */,
				21BCC6ED2BB4B3D500506B4A /* NotificationMinutesType.swift */,
			);
			path = Enums;
			sourceTree = "<group>";
		};
		21F4388C2B9D83FA004408EF /* Core */ = {
			isa = PBXGroup;
			children = (
				21F438962B9DA2B5004408EF /* Customs */,
				21F4388D2B9D8408004408EF /* Constants */,
				21F4384B2B9B8C04004408EF /* Fonts */,
				21BCC6E62BB4AB7900506B4A /* Cells */,
			);
			path = Core;
			sourceTree = "<group>";
		};
		21F4388D2B9D8408004408EF /* Constants */ = {
			isa = PBXGroup;
			children = (
				21F4388E2B9D845D004408EF /* Constants.swift */,
				21F438902B9D8481004408EF /* Texts.swift */,
				21F438922B9D867A004408EF /* Fonts.swift */,
				21F438942B9D9FAE004408EF /* Colors.swift */,
				21F438B12B9E056C004408EF /* Images.swift */,
			);
			path = Constants;
			sourceTree = "<group>";
		};
		21F438962B9DA2B5004408EF /* Customs */ = {
			isa = PBXGroup;
			children = (
				21BCC6F12BB73E6100506B4A /* FilterDropDown.swift */,
				215797DD2BA0BE6E000B190A /* DropDownMenu.swift */,
				215798602BA85291000B190A /* TimePicker.swift */,
				21BCC6E22BB0973F00506B4A /* CustomNavigationBar.swift */,
				21BCC6E42BB4A1C700506B4A /* ButtonField.swift */,
			);
			path = Customs;
			sourceTree = "<group>";
		};
		21F438B32B9EC226004408EF /* DrugInfo */ = {
			isa = PBXGroup;
			children = (
				21F438872B9C4E74004408EF /* DrugInfoRepository.swift */,
				21F4387A2B9C468D004408EF /* DrugInfoRealm.swift */,
				21F438832B9C4C1A004408EF /* DrugInfo.swift */,
			);
			path = DrugInfo;
			sourceTree = "<group>";
		};
		21F438B42B9EC233004408EF /* DrugCompletement */ = {
			isa = PBXGroup;
			children = (
				21F438B52B9EC25E004408EF /* DrugCompletementRepository.swift */,
				21F438B92B9EC282004408EF /* DrugCompletementRealm.swift */,
			);
			path = DrugCompletement;
			sourceTree = "<group>";
		};
		D5B20F8D61A5DDABDA953027 /* Pods */ = {
			isa = PBXGroup;
			children = (
				459A97B984E082BA75EBDFBC /* Pods-meditrack.debug.xcconfig */,
				C809FF3CC1D144805FF1C1B5 /* Pods-meditrack.release.xcconfig */,
			);
			path = Pods;
			sourceTree = "<group>";
		};
		E858936597F2346F17C895DB /* Frameworks */ = {
			isa = PBXGroup;
			children = (
				478748B2D0F6E4176CDDC0EE /* Pods_meditrack.framework */,
			);
			name = Frameworks;
			sourceTree = "<group>";
		};
/* End PBXGroup section */

/* Begin PBXNativeTarget section */
		21F438332B9B897E004408EF /* meditrack */ = {
			isa = PBXNativeTarget;
			buildConfigurationList = 21F438482B9B8980004408EF /* Build configuration list for PBXNativeTarget "meditrack" */;
			buildPhases = (
				EF5FC8DD4246B0727F5AFED6 /* [CP] Check Pods Manifest.lock */,
				21F438302B9B897E004408EF /* Sources */,
				21F438312B9B897E004408EF /* Frameworks */,
				21F438322B9B897E004408EF /* Resources */,
				B76E94CAF19CD181B5F8E725 /* [CP] Embed Pods Frameworks */,
			);
			buildRules = (
			);
			dependencies = (
			);
			name = meditrack;
			productName = meditrack;
			productReference = 21F438342B9B897E004408EF /* meditrack.app */;
			productType = "com.apple.product-type.application";
		};
/* End PBXNativeTarget section */

/* Begin PBXProject section */
		21F4382C2B9B897E004408EF /* Project object */ = {
			isa = PBXProject;
			attributes = {
				BuildIndependentTargetsInParallel = 1;
				LastSwiftUpdateCheck = 1520;
				LastUpgradeCheck = 1520;
				TargetAttributes = {
					21F438332B9B897E004408EF = {
						CreatedOnToolsVersion = 15.2;
					};
				};
			};
			buildConfigurationList = 21F4382F2B9B897E004408EF /* Build configuration list for PBXProject "meditrack" */;
			compatibilityVersion = "Xcode 14.0";
			developmentRegion = en;
			hasScannedForEncodings = 0;
			knownRegions = (
				en,
				Base,
			);
			mainGroup = 21F4382B2B9B897E004408EF;
			productRefGroup = 21F438352B9B897E004408EF /* Products */;
			projectDirPath = "";
			projectRoot = "";
			targets = (
				21F438332B9B897E004408EF /* meditrack */,
			);
		};
/* End PBXProject section */

/* Begin PBXResourcesBuildPhase section */
		21F438322B9B897E004408EF /* Resources */ = {
			isa = PBXResourcesBuildPhase;
			buildActionMask = 2147483647;
			files = (
				21F438662B9B8C1E004408EF /* Nunito-SemiBold.ttf in Resources */,
				21F438442B9B8980004408EF /* LaunchScreen.storyboard in Resources */,
				21F438412B9B8980004408EF /* Assets.xcassets in Resources */,
				21F4385E2B9B8C1E004408EF /* Nunito-ExtraBold.ttf in Resources */,
				21F438632B9B8C1E004408EF /* Nunito-Medium.ttf in Resources */,
				21F438652B9B8C1E004408EF /* Nunito-Regular.ttf in Resources */,
				21F438642B9B8C1E004408EF /* Nunito-Bold.ttf in Resources */,
				21F438612B9B8C1E004408EF /* Nunito-Light.ttf in Resources */,
				21F4385D2B9B8C1E004408EF /* Nunito-ExtraLight.ttf in Resources */,
				21F438622B9B8C1E004408EF /* Nunito-Black.ttf in Resources */,
			);
			runOnlyForDeploymentPostprocessing = 0;
		};
/* End PBXResourcesBuildPhase section */

/* Begin PBXShellScriptBuildPhase section */
		B76E94CAF19CD181B5F8E725 /* [CP] Embed Pods Frameworks */ = {
			isa = PBXShellScriptBuildPhase;
			buildActionMask = 2147483647;
			files = (
			);
			inputFileListPaths = (
				"${PODS_ROOT}/Target Support Files/Pods-meditrack/Pods-meditrack-frameworks-${CONFIGURATION}-input-files.xcfilelist",
			);
			name = "[CP] Embed Pods Frameworks";
			outputFileListPaths = (
				"${PODS_ROOT}/Target Support Files/Pods-meditrack/Pods-meditrack-frameworks-${CONFIGURATION}-output-files.xcfilelist",
			);
			runOnlyForDeploymentPostprocessing = 0;
			shellPath = /bin/sh;
			shellScript = "\"${PODS_ROOT}/Target Support Files/Pods-meditrack/Pods-meditrack-frameworks.sh\"\n";
			showEnvVarsInLog = 0;
		};
		EF5FC8DD4246B0727F5AFED6 /* [CP] Check Pods Manifest.lock */ = {
			isa = PBXShellScriptBuildPhase;
			buildActionMask = 2147483647;
			files = (
			);
			inputFileListPaths = (
			);
			inputPaths = (
				"${PODS_PODFILE_DIR_PATH}/Podfile.lock",
				"${PODS_ROOT}/Manifest.lock",
			);
			name = "[CP] Check Pods Manifest.lock";
			outputFileListPaths = (
			);
			outputPaths = (
				"$(DERIVED_FILE_DIR)/Pods-meditrack-checkManifestLockResult.txt",
			);
			runOnlyForDeploymentPostprocessing = 0;
			shellPath = /bin/sh;
			shellScript = "diff \"${PODS_PODFILE_DIR_PATH}/Podfile.lock\" \"${PODS_ROOT}/Manifest.lock\" > /dev/null\nif [ $? != 0 ] ; then\n    # print error to STDERR\n    echo \"error: The sandbox is not in sync with the Podfile.lock. Run 'pod install' or update your CocoaPods installation.\" >&2\n    exit 1\nfi\n# This output is used by Xcode 'outputs' to avoid re-running this script phase.\necho \"SUCCESS\" > \"${SCRIPT_OUTPUT_FILE_0}\"\n";
			showEnvVarsInLog = 0;
		};
/* End PBXShellScriptBuildPhase section */

/* Begin PBXSourcesBuildPhase section */
		21F438302B9B897E004408EF /* Sources */ = {
			isa = PBXSourcesBuildPhase;
			buildActionMask = 2147483647;
			files = (
				21BCC7132BB9757C00506B4A /* Nunito-Bold.ttf in Sources */,
				21F438932B9D867A004408EF /* Fonts.swift in Sources */,
				21BCC6E32BB0973F00506B4A /* CustomNavigationBar.swift in Sources */,
				21F438952B9D9FAE004408EF /* Colors.swift in Sources */,
				21F438742B9C21D9004408EF /* CustomListViewModel.swift in Sources */,
				21F438762B9C21E3004408EF /* CustomListViewController.swift in Sources */,
				215797DC2BA0B925000B190A /* PickerAddModel.swift in Sources */,
				21BCC6EE2BB4B3D500506B4A /* NotificationMinutesType.swift in Sources */,
				215797D82B9F949E000B190A /* AddDrugViewModel.swift in Sources */,
				21F438B62B9EC25E004408EF /* DrugCompletementRepository.swift in Sources */,
				21F438382B9B897E004408EF /* AppDelegate.swift in Sources */,
				21F438BA2B9EC282004408EF /* DrugCompletementRealm.swift in Sources */,
				215797DA2BA044C6000B190A /* TypeCollectionViewCell.swift in Sources */,
				21F438AE2B9DC0D8004408EF /* DatesModel.swift in Sources */,
				21F4387B2B9C468D004408EF /* DrugInfoRealm.swift in Sources */,
				21BCC6F22BB73E6100506B4A /* FilterDropDown.swift in Sources */,
				21F438882B9C4E74004408EF /* DrugInfoRepository.swift in Sources */,
				21F4383A2B9B897E004408EF /* SceneDelegate.swift in Sources */,
				21F438822B9C4A94004408EF /* FrequencyType.swift in Sources */,
				21F4387D2B9C4843004408EF /* DrugType.swift in Sources */,
				215798612BA85291000B190A /* TimePicker.swift in Sources */,
				21F438B22B9E056C004408EF /* Images.swift in Sources */,
				21BCC6EC2BB4AC3F00506B4A /* FoodType.swift in Sources */,
				215797D62B9F9233000B190A /* AddDrugViewController.swift in Sources */,
				21BCC6E52BB4A1C700506B4A /* ButtonField.swift in Sources */,
				21F438842B9C4C1A004408EF /* DrugInfo.swift in Sources */,
				21F4388B2B9D8323004408EF /* UIKitExtensions.swift in Sources */,
				2157985F2BA83DF4000B190A /* SectionModel.swift in Sources */,
				21F438792B9C4525004408EF /* DataService.swift in Sources */,
				21BCC6EA2BB4ABA300506B4A /* FoodCollectionViewCell.swift in Sources */,
				21F438AA2B9DAA46004408EF /* DateCollectionViewCell.swift in Sources */,
				21F438912B9D8481004408EF /* Texts.swift in Sources */,
				21F4388F2B9D845D004408EF /* Constants.swift in Sources */,
				21F438B02B9DDF9D004408EF /* CalendarTableViewCell.swift in Sources */,
				215797DE2BA0BE6E000B190A /* DropDownMenu.swift in Sources */,
			);
			runOnlyForDeploymentPostprocessing = 0;
		};
/* End PBXSourcesBuildPhase section */

/* Begin PBXVariantGroup section */
		21F438422B9B8980004408EF /* LaunchScreen.storyboard */ = {
			isa = PBXVariantGroup;
			children = (
				21F438432B9B8980004408EF /* Base */,
			);
			name = LaunchScreen.storyboard;
			sourceTree = "<group>";
		};
/* End PBXVariantGroup section */

/* Begin XCBuildConfiguration section */
		21F438462B9B8980004408EF /* Debug */ = {
			isa = XCBuildConfiguration;
			buildSettings = {
				ALWAYS_SEARCH_USER_PATHS = NO;
				ASSETCATALOG_COMPILER_GENERATE_SWIFT_ASSET_SYMBOL_EXTENSIONS = YES;
				CLANG_ANALYZER_NONNULL = YES;
				CLANG_ANALYZER_NUMBER_OBJECT_CONVERSION = YES_AGGRESSIVE;
				CLANG_CXX_LANGUAGE_STANDARD = "gnu++20";
				CLANG_ENABLE_MODULES = YES;
				CLANG_ENABLE_OBJC_ARC = YES;
				CLANG_ENABLE_OBJC_WEAK = YES;
				CLANG_WARN_BLOCK_CAPTURE_AUTORELEASING = YES;
				CLANG_WARN_BOOL_CONVERSION = YES;
				CLANG_WARN_COMMA = YES;
				CLANG_WARN_CONSTANT_CONVERSION = YES;
				CLANG_WARN_DEPRECATED_OBJC_IMPLEMENTATIONS = YES;
				CLANG_WARN_DIRECT_OBJC_ISA_USAGE = YES_ERROR;
				CLANG_WARN_DOCUMENTATION_COMMENTS = YES;
				CLANG_WARN_EMPTY_BODY = YES;
				CLANG_WARN_ENUM_CONVERSION = YES;
				CLANG_WARN_INFINITE_RECURSION = YES;
				CLANG_WARN_INT_CONVERSION = YES;
				CLANG_WARN_NON_LITERAL_NULL_CONVERSION = YES;
				CLANG_WARN_OBJC_IMPLICIT_RETAIN_SELF = YES;
				CLANG_WARN_OBJC_LITERAL_CONVERSION = YES;
				CLANG_WARN_OBJC_ROOT_CLASS = YES_ERROR;
				CLANG_WARN_QUOTED_INCLUDE_IN_FRAMEWORK_HEADER = YES;
				CLANG_WARN_RANGE_LOOP_ANALYSIS = YES;
				CLANG_WARN_STRICT_PROTOTYPES = YES;
				CLANG_WARN_SUSPICIOUS_MOVE = YES;
				CLANG_WARN_UNGUARDED_AVAILABILITY = YES_AGGRESSIVE;
				CLANG_WARN_UNREACHABLE_CODE = YES;
				CLANG_WARN__DUPLICATE_METHOD_MATCH = YES;
				COPY_PHASE_STRIP = NO;
				DEBUG_INFORMATION_FORMAT = dwarf;
				ENABLE_STRICT_OBJC_MSGSEND = YES;
				ENABLE_TESTABILITY = YES;
				ENABLE_USER_SCRIPT_SANDBOXING = YES;
				GCC_C_LANGUAGE_STANDARD = gnu17;
				GCC_DYNAMIC_NO_PIC = NO;
				GCC_NO_COMMON_BLOCKS = YES;
				GCC_OPTIMIZATION_LEVEL = 0;
				GCC_PREPROCESSOR_DEFINITIONS = (
					"DEBUG=1",
					"$(inherited)",
				);
				GCC_WARN_64_TO_32_BIT_CONVERSION = YES;
				GCC_WARN_ABOUT_RETURN_TYPE = YES_ERROR;
				GCC_WARN_UNDECLARED_SELECTOR = YES;
				GCC_WARN_UNINITIALIZED_AUTOS = YES_AGGRESSIVE;
				GCC_WARN_UNUSED_FUNCTION = YES;
				GCC_WARN_UNUSED_VARIABLE = YES;
				IPHONEOS_DEPLOYMENT_TARGET = 17.2;
				LOCALIZATION_PREFERS_STRING_CATALOGS = YES;
				MTL_ENABLE_DEBUG_INFO = INCLUDE_SOURCE;
				MTL_FAST_MATH = YES;
				ONLY_ACTIVE_ARCH = YES;
				SDKROOT = iphoneos;
				SWIFT_ACTIVE_COMPILATION_CONDITIONS = "DEBUG $(inherited)";
				SWIFT_OPTIMIZATION_LEVEL = "-Onone";
			};
			name = Debug;
		};
		21F438472B9B8980004408EF /* Release */ = {
			isa = XCBuildConfiguration;
			buildSettings = {
				ALWAYS_SEARCH_USER_PATHS = NO;
				ASSETCATALOG_COMPILER_GENERATE_SWIFT_ASSET_SYMBOL_EXTENSIONS = YES;
				CLANG_ANALYZER_NONNULL = YES;
				CLANG_ANALYZER_NUMBER_OBJECT_CONVERSION = YES_AGGRESSIVE;
				CLANG_CXX_LANGUAGE_STANDARD = "gnu++20";
				CLANG_ENABLE_MODULES = YES;
				CLANG_ENABLE_OBJC_ARC = YES;
				CLANG_ENABLE_OBJC_WEAK = YES;
				CLANG_WARN_BLOCK_CAPTURE_AUTORELEASING = YES;
				CLANG_WARN_BOOL_CONVERSION = YES;
				CLANG_WARN_COMMA = YES;
				CLANG_WARN_CONSTANT_CONVERSION = YES;
				CLANG_WARN_DEPRECATED_OBJC_IMPLEMENTATIONS = YES;
				CLANG_WARN_DIRECT_OBJC_ISA_USAGE = YES_ERROR;
				CLANG_WARN_DOCUMENTATION_COMMENTS = YES;
				CLANG_WARN_EMPTY_BODY = YES;
				CLANG_WARN_ENUM_CONVERSION = YES;
				CLANG_WARN_INFINITE_RECURSION = YES;
				CLANG_WARN_INT_CONVERSION = YES;
				CLANG_WARN_NON_LITERAL_NULL_CONVERSION = YES;
				CLANG_WARN_OBJC_IMPLICIT_RETAIN_SELF = YES;
				CLANG_WARN_OBJC_LITERAL_CONVERSION = YES;
				CLANG_WARN_OBJC_ROOT_CLASS = YES_ERROR;
				CLANG_WARN_QUOTED_INCLUDE_IN_FRAMEWORK_HEADER = YES;
				CLANG_WARN_RANGE_LOOP_ANALYSIS = YES;
				CLANG_WARN_STRICT_PROTOTYPES = YES;
				CLANG_WARN_SUSPICIOUS_MOVE = YES;
				CLANG_WARN_UNGUARDED_AVAILABILITY = YES_AGGRESSIVE;
				CLANG_WARN_UNREACHABLE_CODE = YES;
				CLANG_WARN__DUPLICATE_METHOD_MATCH = YES;
				COPY_PHASE_STRIP = NO;
				DEBUG_INFORMATION_FORMAT = "dwarf-with-dsym";
				ENABLE_NS_ASSERTIONS = NO;
				ENABLE_STRICT_OBJC_MSGSEND = YES;
				ENABLE_USER_SCRIPT_SANDBOXING = YES;
				GCC_C_LANGUAGE_STANDARD = gnu17;
				GCC_NO_COMMON_BLOCKS = YES;
				GCC_WARN_64_TO_32_BIT_CONVERSION = YES;
				GCC_WARN_ABOUT_RETURN_TYPE = YES_ERROR;
				GCC_WARN_UNDECLARED_SELECTOR = YES;
				GCC_WARN_UNINITIALIZED_AUTOS = YES_AGGRESSIVE;
				GCC_WARN_UNUSED_FUNCTION = YES;
				GCC_WARN_UNUSED_VARIABLE = YES;
				IPHONEOS_DEPLOYMENT_TARGET = 17.2;
				LOCALIZATION_PREFERS_STRING_CATALOGS = YES;
				MTL_ENABLE_DEBUG_INFO = NO;
				MTL_FAST_MATH = YES;
				SDKROOT = iphoneos;
				SWIFT_COMPILATION_MODE = wholemodule;
				VALIDATE_PRODUCT = YES;
			};
			name = Release;
		};
		21F438492B9B8980004408EF /* Debug */ = {
			isa = XCBuildConfiguration;
			baseConfigurationReference = 459A97B984E082BA75EBDFBC /* Pods-meditrack.debug.xcconfig */;
			buildSettings = {
				ASSETCATALOG_COMPILER_APPICON_NAME = AppIcon;
				ASSETCATALOG_COMPILER_GLOBAL_ACCENT_COLOR_NAME = AccentColor;
				CODE_SIGN_STYLE = Automatic;
				CURRENT_PROJECT_VERSION = 1;
				DEVELOPMENT_TEAM = QN6RC23FCQ;
				ENABLE_USER_SCRIPT_SANDBOXING = NO;
				GENERATE_INFOPLIST_FILE = YES;
				INFOPLIST_FILE = meditrack/Info.plist;
				INFOPLIST_KEY_CFBundleDisplayName = MediTrack;
				INFOPLIST_KEY_UIApplicationSupportsIndirectInputEvents = YES;
				INFOPLIST_KEY_UILaunchStoryboardName = LaunchScreen;
				INFOPLIST_KEY_UISupportedInterfaceOrientations_iPad = "UIInterfaceOrientationPortrait UIInterfaceOrientationPortraitUpsideDown UIInterfaceOrientationLandscapeLeft UIInterfaceOrientationLandscapeRight";
				INFOPLIST_KEY_UISupportedInterfaceOrientations_iPhone = "UIInterfaceOrientationPortrait UIInterfaceOrientationLandscapeLeft UIInterfaceOrientationLandscapeRight";
				IPHONEOS_DEPLOYMENT_TARGET = 13.4;
				LD_RUNPATH_SEARCH_PATHS = (
					"$(inherited)",
					"@executable_path/Frameworks",
				);
				MARKETING_VERSION = 1.0;
				PRODUCT_BUNDLE_IDENTIFIER = ruslanparastaev.meditrack;
				PRODUCT_NAME = "$(TARGET_NAME)";
				SWIFT_EMIT_LOC_STRINGS = YES;
				SWIFT_VERSION = 5.0;
				TARGETED_DEVICE_FAMILY = "1,2";
			};
			name = Debug;
		};
		21F4384A2B9B8980004408EF /* Release */ = {
			isa = XCBuildConfiguration;
			baseConfigurationReference = C809FF3CC1D144805FF1C1B5 /* Pods-meditrack.release.xcconfig */;
			buildSettings = {
				ASSETCATALOG_COMPILER_APPICON_NAME = AppIcon;
				ASSETCATALOG_COMPILER_GLOBAL_ACCENT_COLOR_NAME = AccentColor;
				CODE_SIGN_STYLE = Automatic;
				CURRENT_PROJECT_VERSION = 1;
				DEVELOPMENT_TEAM = QN6RC23FCQ;
				ENABLE_USER_SCRIPT_SANDBOXING = NO;
				GENERATE_INFOPLIST_FILE = YES;
				INFOPLIST_FILE = meditrack/Info.plist;
				INFOPLIST_KEY_CFBundleDisplayName = MediTrack;
				INFOPLIST_KEY_UIApplicationSupportsIndirectInputEvents = YES;
				INFOPLIST_KEY_UILaunchStoryboardName = LaunchScreen;
				INFOPLIST_KEY_UISupportedInterfaceOrientations_iPad = "UIInterfaceOrientationPortrait UIInterfaceOrientationPortraitUpsideDown UIInterfaceOrientationLandscapeLeft UIInterfaceOrientationLandscapeRight";
				INFOPLIST_KEY_UISupportedInterfaceOrientations_iPhone = "UIInterfaceOrientationPortrait UIInterfaceOrientationLandscapeLeft UIInterfaceOrientationLandscapeRight";
				IPHONEOS_DEPLOYMENT_TARGET = 13.4;
				LD_RUNPATH_SEARCH_PATHS = (
					"$(inherited)",
					"@executable_path/Frameworks",
				);
				MARKETING_VERSION = 1.0;
				PRODUCT_BUNDLE_IDENTIFIER = ruslanparastaev.meditrack;
				PRODUCT_NAME = "$(TARGET_NAME)";
				SWIFT_EMIT_LOC_STRINGS = YES;
				SWIFT_VERSION = 5.0;
				TARGETED_DEVICE_FAMILY = "1,2";
			};
			name = Release;
		};
/* End XCBuildConfiguration section */

/* Begin XCConfigurationList section */
		21F4382F2B9B897E004408EF /* Build configuration list for PBXProject "meditrack" */ = {
			isa = XCConfigurationList;
			buildConfigurations = (
				21F438462B9B8980004408EF /* Debug */,
				21F438472B9B8980004408EF /* Release */,
			);
			defaultConfigurationIsVisible = 0;
			defaultConfigurationName = Release;
		};
		21F438482B9B8980004408EF /* Build configuration list for PBXNativeTarget "meditrack" */ = {
			isa = XCConfigurationList;
			buildConfigurations = (
				21F438492B9B8980004408EF /* Debug */,
				21F4384A2B9B8980004408EF /* Release */,
			);
			defaultConfigurationIsVisible = 0;
			defaultConfigurationName = Release;
		};
/* End XCConfigurationList section */
	};
	rootObject = 21F4382C2B9B897E004408EF /* Project object */;
}
